
Microsoft Visual Studio Solution File, Format Version 12.00
# Visual Studio Version 16
VisualStudioVersion = 16.0.32901.82
MinimumVisualStudioVersion = 10.0.40219.1
Project("{FAE04EC0-301F-11D3-BF4B-00C04F79EFBC}") = "Calculator", "Calculator\Calculator.csproj", "{68564418-48E8-43A7-96E8-86CE0BD2CD84}"
EndProject
Project("{FAE04EC0-301F-11D3-BF4B-00C04F79EFBC}") = "Service", "Service\Service.csproj", "{9700CA38-A776-411D-A586-6D82F9478335}"
EndProject
Global
	GlobalSection(SolutionConfigurationPlatforms) = preSolution
		Debug|Any CPU = Debug|Any CPU
		Release|Any CPU = Release|Any CPU
	EndGlobalSection
	GlobalSection(ProjectConfigurationPlatforms) = postSolution
		{68564418-48E8-43A7-96E8-86CE0BD2CD84}.Debug|Any CPU.ActiveCfg = Debug|Any CPU
		{68564418-48E8-43A7-96E8-86CE0BD2CD84}.Debug|Any CPU.Build.0 = Debug|Any CPU
		{68564418-48E8-43A7-96E8-86CE0BD2CD84}.Release|Any CPU.ActiveCfg = Release|Any CPU
		{68564418-48E8-43A7-96E8-86CE0BD2CD84}.Release|Any CPU.Build.0 = Release|Any CPU
		{9700CA38-A776-411D-A586-6D82F9478335}.Debug|Any CPU.ActiveCfg = Debug|Any CPU
		{9700CA38-A776-411D-A586-6D82F9478335}.Debug|Any CPU.Build.0 = Debug|Any CPU
		{9700CA38-A776-411D-A586-6D82F9478335}.Release|Any CPU.ActiveCfg = Release|Any CPU
		{9700CA38-A776-411D-A586-6D82F9478335}.Release|Any CPU.Build.0 = Release|Any CPU
	EndGlobalSection
	GlobalSection(SolutionProperties) = preSolution
		HideSolutionNode = FALSE
	EndGlobalSection
	GlobalSection(ExtensibilityGlobals) = postSolution
		SolutionGuid = {B3214180-E235-4149-8117-F3E012D8EA74}
	EndGlobalSection
EndGlobal
